%{"acceptor_pool": {:hex, :acceptor_pool, "1.0.0-rc.0", "679d741df87fc13599b1aef2df8f78f1f880449a6befab7c44fb6fae0e92a2de", [:rebar3], []},
  "chatterbox": {:hex, :ts_chatterbox, "0.9.0", "bc7c4e9dabcca62fca1077131737ddc2e7813303391008f5373e2684c8f32eea", [:rebar3], [{:hpack, "~>0.2.3", [hex: :hpack_erl, optional: false]}]},
  "counters": {:hex, :counters, "0.2.0", "ef00f33404fdd9bd233f9b7966233222469e4560dbe1c712ea2e1ab63bb8fefd", [:mix, :rebar3], []},
  "ctx": {:hex, :ctx, "0.5.0", "78e0f16712e12d707a7f34277381b8e193d7c71eaa24d37330dc02477c09eda5", [:rebar3], []},
  "gpb": {:hex, :gpb, "4.4.0", "cfd81b167f804b5a3720d7867530f6700e54644284431e4e14e032139c205251", [:make, :rebar], []},
  "gproc": {:hex, :gproc, "0.8.0", "cea02c578589c61e5341fce149ea36ccef236cc2ecac8691fba408e7ea77ec2f", [:rebar3], []},
  "grpc_lib": {:hex, :grpc_lib, "0.1.2", "f5cbf5f836aa26ab347783fcc4c0a4a3d27d95311e56aafec956691be1570d2e", [:rebar3], [{:gpb, "~> 4.1", [hex: :gpb, optional: false]}]},
  "grpcbox": {:hex, :grpcbox, "0.6.1", "33b99987012048578aed742fdf65b98f4177cee4aefe4e5a3e4322e45e6ff453", [:rebar3], [{:acceptor_pool, "~>1.0.0-rc.0", [hex: :acceptor_pool, optional: false]}, {:chatterbox, "~>0.9.0", [hex: :ts_chatterbox, optional: false]}, {:ctx, "~>0.5.0", [hex: :ctx, optional: false]}, {:gproc, "~>0.8.0", [hex: :gproc, optional: false]}, {:grpc_lib, "~>0.1.2", [hex: :grpc_lib, optional: false]}, {:opencensus, "~>0.6.0", [hex: :opencensus, optional: false]}, {:recon, "~>2.3.6", [hex: :recon, optional: false]}]},
  "hpack": {:hex, :hpack_erl, "0.2.3", "17670f83ff984ae6cd74b1c456edde906d27ff013740ee4d9efaa4f1bf999633", [:rebar3], []},
  "jsx": {:hex, :jsx, "2.9.0", "d2f6e5f069c00266cad52fb15d87c428579ea4d7d73a33669e12679e203329dd", [:mix, :rebar3], []},
  "opencensus": {:hex, :opencensus, "0.6.0", "90c1078a3ba18817d6445b3f79e7515122823198fedd5a880f74d69c205d8b90", [:rebar3], [{:counters, "~> 0.2", [hex: :counters, optional: false]}, {:ctx, "~> 0.4", [hex: :ctx, optional: false]}, {:jsx, "~> 2.9", [hex: :jsx, optional: false]}, {:wts, "~> 0.3", [hex: :wts, optional: false]}]},
  "recon": {:hex, :recon, "2.3.6", "2bcad0cf621fb277cabbb6413159cd3aa30265c2dee42c968697988b30108604", [:rebar3], []},
  "rfc3339": {:hex, :rfc3339, "0.9.0", "2075653dc9407541c84b1e15f8bda2abe95fb17c9694025e079583f2d19c1060", [:mix, :rebar], []},
  "wts": {:hex, :wts, "0.3.0", "5cdf22c775cb1ebae24c326a5db6074d753c42f4bd12a9aa47cc62d3e2c71ad1", [:rebar3], [{:rfc3339, "~>0.9.0", [hex: :rfc3339, optional: false]}]}}
